{
  "name": "my-turborepo",
  "lockfileVersion": 3,
  "requires": true,
  "packages": {
    "": {
      "name": "my-turborepo",
      "workspaces": [
        "apps/*",
        "packages/*"
      ],
      "devDependencies": {
        "turbo": "^2.1.4-canary.1"
      }
    },
    "apps/apps-a": {
      "name": "app-a",
      "dependencies": {
        "pkg-a": "*",
        "tooling-config": "*"
      }
    },
    "apps/apps-b": {
      "name": "app-b",
      "dependencies": {
        "tooling-config": "*"
      }
    },
    "node_modules/app-a": {
      "resolved": "apps/apps-a",
      "link": true
    },
    "node_modules/app-b": {
      "resolved": "apps/apps-b",
      "link": true
    },
    "node_modules/pkg-a": {
      "resolved": "packages/pkg-a",
      "link": true
    },
    "node_modules/pkg-b": {
      "resolved": "packages/pkg-b",
      "link": true
    },
    "node_modules/tooling-config": {
      "resolved": "packages/tooling-config",
      "link": true
    },
    "node_modules/turbo": {
      "version": "2.1.4-canary.1",
      "resolved": "https://registry.npmjs.org/turbo/-/turbo-2.1.4-canary.1.tgz",
      "integrity": "sha512-vqIvx7tMhl5RkOd6MKAbdMng9kvaHXcxhy002N52hmdRVF2paI+Vt6jGMGY3FGg4jutf437dqMXK2b98zOUeag==",
      "dev": true,
      "bin": {
        "turbo": "bin/turbo"
      },
      "optionalDependencies": {
        "turbo-darwin-64": "2.1.4-canary.1",
        "turbo-darwin-arm64": "2.1.4-canary.1",
        "turbo-linux-64": "2.1.4-canary.1",
        "turbo-linux-arm64": "2.1.4-canary.1",
        "turbo-windows-64": "2.1.4-canary.1",
        "turbo-windows-arm64": "2.1.4-canary.1"
      }
    },
    "node_modules/turbo-darwin-64": {
      "version": "2.1.4-canary.1",
      "resolved": "https://registry.npmjs.org/turbo-darwin-64/-/turbo-darwin-64-2.1.4-canary.1.tgz",
      "integrity": "sha512-d1yz3MF0Fb325+Vk+4QWkVEapbddwEbaoJpZ6w2nk7TotSE+p6TGEOuZpLfwNkCrzpYVkBKuuqnOSCxvnG6lUA==",
      "cpu": [
        "x64"
      ],
      "dev": true,
      "optional": true,
      "os": [
        "darwin"
      ]
    },
    "node_modules/turbo-darwin-arm64": {
      "version": "2.1.4-canary.1",
      "resolved": "https://registry.npmjs.org/turbo-darwin-arm64/-/turbo-darwin-arm64-2.1.4-canary.1.tgz",
      "integrity": "sha512-qnYG0dGqaZ6Xjx2gfBIiEBHoVc/LlyTuHyPduIZBrmHkrkL+Q4kHoQ2HOraBiUM7WzojtMG6nRmERphrnn0ubA==",
      "cpu": [
        "arm64"
      ],
      "dev": true,
      "optional": true,
      "os": [
        "darwin"
      ]
    },
    "node_modules/turbo-linux-64": {
      "version": "2.1.4-canary.1",
      "resolved": "https://registry.npmjs.org/turbo-linux-64/-/turbo-linux-64-2.1.4-canary.1.tgz",
      "integrity": "sha512-IWNz+OlYIKnUxKe4wHmp8RtDnE5q8oqu3LXNglzIA/dQXQZKIeKnBvsZ0tUzqlBgvfKebuzW96Lr9yIlJtH8Yw==",
      "cpu": [
        "x64"
      ],
      "dev": true,
      "optional": true,
      "os": [
        "linux"
      ]
    },
    "node_modules/turbo-linux-arm64": {
      "version": "2.1.4-canary.1",
      "resolved": "https://registry.npmjs.org/turbo-linux-arm64/-/turbo-linux-arm64-2.1.4-canary.1.tgz",
      "integrity": "sha512-WNiYUFlPYzBX9lq5gJwRyJWkyddJdpD3P9KKpv6BKaiDpZMQ1AwO7qaWXuqtA/tZlmoXAnj7HRWtzuJzC3sXHQ==",
      "cpu": [
        "arm64"
      ],
      "dev": true,
      "optional": true,
      "os": [
        "linux"
      ]
    },
    "node_modules/turbo-windows-64": {
      "version": "2.1.4-canary.1",
      "resolved": "https://registry.npmjs.org/turbo-windows-64/-/turbo-windows-64-2.1.4-canary.1.tgz",
      "integrity": "sha512-aBzigxskxNgvUHQmfhnPbWMM1J56HjixtvCH4/Waz0hvJMNFcJZ+AcvXCuasNk7iFXsbztId2pVAMKtq0hVyfg==",
      "cpu": [
        "x64"
      ],
      "dev": true,
      "optional": true,
      "os": [
        "win32"
      ]
    },
    "node_modules/turbo-windows-arm64": {
      "version": "2.1.4-canary.1",
      "resolved": "https://registry.npmjs.org/turbo-windows-arm64/-/turbo-windows-arm64-2.1.4-canary.1.tgz",
      "integrity": "sha512-WBWqWBPbJHPB6kELkPhvHOPd4IRM8eZUBpE9knlcnlJdsalbuQ5mNCedZyArW9Jl7G2Buv8uNTp3daEJql8Mig==",
      "cpu": [
        "arm64"
      ],
      "dev": true,
      "optional": true,
      "os": [
        "win32"
      ]
    },
    "packages/pkg-a": {
      "dependencies": {
        "tooling-config": "*"
      }
    },
    "packages/pkg-b": {
      "dependencies": {
        "tooling-config": "*"
      }
    },
    "packages/tooling-config": {}
  }
}
